// !$*UTF8*$!
{
	archiveVersion = 1;
	classes = {
	};
	objectVersion = 46;
	objects = {

/* Begin PBXBuildFile section */
		50F849271C6CDFD4009F1867 /* AppDelegate.swift in Sources */ = {isa = PBXBuildFile; fileRef = 50F849261C6CDFD4009F1867 /* AppDelegate.swift */; };
		50F849291C6CDFD4009F1867 /* ViewController.swift in Sources */ = {isa = PBXBuildFile; fileRef = 50F849281C6CDFD4009F1867 /* ViewController.swift */; };
		50F8492C1C6CDFD4009F1867 /* Main.storyboard in Resources */ = {isa = PBXBuildFile; fileRef = 50F8492A1C6CDFD4009F1867 /* Main.storyboard */; };
		50F8492E1C6CDFD4009F1867 /* Assets.xcassets in Resources */ = {isa = PBXBuildFile; fileRef = 50F8492D1C6CDFD4009F1867 /* Assets.xcassets */; };
		50F849311C6CDFD4009F1867 /* LaunchScreen.storyboard in Resources */ = {isa = PBXBuildFile; fileRef = 50F8492F1C6CDFD4009F1867 /* LaunchScreen.storyboard */; };
/* End PBXBuildFile section */

/* Begin PBXFileReference section */
		50F849231C6CDFD4009F1867 /* 2_26_AutoLayout.app */ = {isa = PBXFileReference; explicitFileType = wrapper.application; includeInIndex = 0; path = 2_26_AutoLayout.app; sourceTree = BUILT_PRODUCTS_DIR; };
		50F849261C6CDFD4009F1867 /* AppDelegate.swift */ = {isa = PBXFileReference; lastKnownFileType = sourcecode.swift; path = AppDelegate.swift; sourceTree = "<group>"; };
		50F849281C6CDFD4009F1867 /* ViewController.swift */ = {isa = PBXFileReference; lastKnownFileType = sourcecode.swift; path = ViewController.swift; sourceTree = "<group>"; };
		50F8492B1C6CDFD4009F1867 /* Base */ = {isa = PBXFileReference; lastKnownFileType = file.storyboard; name = Base; path = Base.lproj/Main.storyboard; sourceTree = "<group>"; };
		50F8492D1C6CDFD4009F1867 /* Assets.xcassets */ = {isa = PBXFileReference; lastKnownFileType = folder.assetcatalog; path = Assets.xcassets; sourceTree = "<group>"; };
		50F849301C6CDFD4009F1867 /* Base */ = {isa = PBXFileReference; lastKnownFileType = file.storyboard; name = Base; path = Base.lproj/LaunchScreen.storyboard; sourceTree = "<group>"; };
		50F849321C6CDFD4009F1867 /* Info.plist */ = {isa = PBXFileReference; lastKnownFileType = text.plist.xml; path = Info.plist; sourceTree = "<group>"; };
/* End PBXFileReference section */

/* Begin PBXFrameworksBuildPhase section */
		50F849201C6CDFD4009F1867 /* Frameworks */ = {
			isa = PBXFrameworksBuildPhase;
			buildActionMask = 2147483647;
			files = (
			);
			runOnlyForDeploymentPostprocessing = 0;
		};
/* End PBXFrameworksBuildPhase section */

/* Begin PBXGroup section */
		50F8491A1C6CDFD4009F1867 = {
			isa = PBXGroup;
			children = (
				50F849251C6CDFD4009F1867 /* 2_26_AutoLayout */,
				50F849241C6CDFD4009F1867 /* Products */,
			);
			sourceTree = "<group>";
		};
		50F849241C6CDFD4009F1867 /* Products */ = {
			isa = PBXGroup;
			children = (
				50F849231C6CDFD4009F1867 /* 2_26_AutoLayout.app */,
			);
			name = Products;
			sourceTree = "<group>";
		};
		50F849251C6CDFD4009F1867 /* 2_26_AutoLayout */ = {
			isa = PBXGroup;
			children = (
				50F849261C6CDFD4009F1867 /* AppDelegate.swift */,
				50F849281C6CDFD4009F1867 /* ViewController.swift */,
				50F8492A1C6CDFD4009F1867 /* Main.storyboard */,
				50F8492D1C6CDFD4009F1867 /* Assets.xcassets */,
				50F8492F1C6CDFD4009F1867 /* LaunchScreen.storyboard */,
				50F849321C6CDFD4009F1867 /* Info.plist */,
			);
			path = 2_26_AutoLayout;
			sourceTree = "<group>";
		};
/* End PBXGroup section */

/* Begin PBXNativeTarget section */
		50F849221C6CDFD4009F1867 /* 2_26_AutoLayout */ = {
			isa = PBXNativeTarget;
			buildConfigurationList = 50F849351C6CDFD4009F1867 /* Build configuration list for PBXNativeTarget "2_26_AutoLayout" */;
			buildPhases = (
				50F8491F1C6CDFD4009F1867 /* Sources */,
				50F849201C6CDFD4009F1867 /* Frameworks */,
				50F849211C6CDFD4009F1867 /* Resources */,
			);
			buildRules = (
			);
			dependencies = (
			);
			name = 2_26_AutoLayout;
			productName = 2_26_AutoLayout;
			productReference = 50F849231C6CDFD4009F1867 /* 2_26_AutoLayout.app */;
			productType = "com.apple.product-type.application";
		};
/* End PBXNativeTarget section */

/* Begin PBXProject section */
		50F8491B1C6CDFD4009F1867 /* Project object */ = {
			isa = PBXProject;
			attributes = {
				LastSwiftUpdateCheck = 0720;
				LastUpgradeCheck = 0720;
				ORGANIZATIONNAME = "Edward P. Kelly, LLC";
				TargetAttributes = {
					50F849221C6CDFD4009F1867 = {
						CreatedOnToolsVersion = 7.2;
					};
				};
			};
			buildConfigurationList = 50F8491E1C6CDFD4009F1867 /* Build configuration list for PBXProject "2_26_AutoLayout" */;
			compatibilityVersion = "Xcode 3.2";
			developmentRegion = English;
			hasScannedForEncodings = 0;
			knownRegions = (
				en,
				Base,
			);
			mainGroup = 50F8491A1C6CDFD4009F1867;
			productRefGroup = 50F849241C6CDFD4009F1867 /* Products */;
			projectDirPath = "";
			projectRoot = "";
			targets = (
				50F849221C6CDFD4009F1867 /* 2_26_AutoLayout */,
			);
		};
/* End PBXProject section */

/* Begin PBXResourcesBuildPhase section */
		50F849211C6CDFD4009F1867 /* Resources */ = {
			isa = PBXResourcesBuildPhase;
			buildActionMask = 2147483647;
			files = (
				50F849311C6CDFD4009F1867 /* LaunchScreen.storyboard in Resources */,
				50F8492E1C6CDFD4009F1867 /* Assets.xcassets in Resources */,
				50F8492C1C6CDFD4009F1867 /* Main.storyboard in Resources */,
			);
			runOnlyForDeploymentPostprocessing = 0;
		};
/* End PBXResourcesBuildPhase section */

/* Begin PBXSourcesBuildPhase section */
		50F8491F1C6CDFD4009F1867 /* Sources */ = {
			isa = PBXSourcesBuildPhase;
			buildActionMask = 2147483647;
			files = (
				50F849291C6CDFD4009F1867 /* ViewController.swift in Sources */,
				50F849271C6CDFD4009F1867 /* AppDelegate.swift in Sources */,
			);
			runOnlyForDeploymentPostprocessing = 0;
		};
/* End PBXSourcesBuildPhase section */

/* Begin PBXVariantGroup section */
		50F8492A1C6CDFD4009F1867 /* Main.storyboard */ = {
			isa = PBXVariantGroup;
			children = (
				50F8492B1C6CDFD4009F1867 /* Base */,
			);
			name = Main.storyboard;
			sourceTree = "<group>";
		};
		50F8492F1C6CDFD4009F1867 /* LaunchScreen.storyboard */ = {
			isa = PBXVariantGroup;
			children = (
				50F849301C6CDFD4009F1867 /* Base */,
			);
			name = LaunchScreen.storyboard;
			sourceTree = "<group>";
		};
/* End PBXVariantGroup section */

/* Begin XCBuildConfiguration section */
		50F849331C6CDFD4009F1867 /* Debug */ = {
			isa = XCBuildConfiguration;
			buildSettings = {
				ALWAYS_SEARCH_USER_PATHS = NO;
				CLANG_CXX_LANGUAGE_STANDARD = "gnu++0x";
				CLANG_CXX_LIBRARY = "libc++";
				CLANG_ENABLE_MODULES = YES;
				CLANG_ENABLE_OBJC_ARC = YES;
				CLANG_WARN_BOOL_CONVERSION = YES;
				CLANG_WARN_CONSTANT_CONVERSION = YES;
				CLANG_WARN_DIRECT_OBJC_ISA_USAGE = YES_ERROR;
				CLANG_WARN_EMPTY_BODY = YES;
				CLANG_WARN_ENUM_CONVERSION = YES;
				CLANG_WARN_INT_CONVERSION = YES;
				CLANG_WARN_OBJC_ROOT_CLASS = YES_ERROR;
				CLANG_WARN_UNREACHABLE_CODE = YES;
				CLANG_WARN__DUPLICATE_METHOD_MATCH = YES;
				"CODE_SIGN_IDENTITY[sdk=iphoneos*]" = "iPhone Developer";
				COPY_PHASE_STRIP = NO;
				DEBUG_INFORMATION_FORMAT = dwarf;
				ENABLE_STRICT_OBJC_MSGSEND = YES;
				ENABLE_TESTABILITY = YES;
				GCC_C_LANGUAGE_STANDARD = gnu99;
				GCC_DYNAMIC_NO_PIC = NO;
				GCC_NO_COMMON_BLOCKS = YES;
				GCC_OPTIMIZATION_LEVEL = 0;
				GCC_PREPROCESSOR_DEFINITIONS = (
					"DEBUG=1",
					"$(inherited)",
				);
				GCC_WARN_64_TO_32_BIT_CONVERSION = YES;
				GCC_WARN_ABOUT_RETURN_TYPE = YES_ERROR;
				GCC_WARN_UNDECLARED_SELECTOR = YES;
				GCC_WARN_UNINITIALIZED_AUTOS = YES_AGGRESSIVE;
				GCC_WARN_UNUSED_FUNCTION = YES;
				GCC_WARN_UNUSED_VARIABLE = YES;
				IPHONEOS_DEPLOYMENT_TARGET = 9.2;
				MTL_ENABLE_DEBUG_INFO = YES;
				ONLY_ACTIVE_ARCH = YES;
				SDKROOT = iphoneos;
				SWIFT_OPTIMIZATION_LEVEL = "-Onone";
				TARGETED_DEVICE_FAMILY = "1,2";
			};
			name = Debug;
		};
		50F849341C6CDFD4009F1867 /* Release */ = {
			isa = XCBuildConfiguration;
			buildSettings = {
				ALWAYS_SEARCH_USER_PATHS = NO;
				CLANG_CXX_LANGUAGE_STANDARD = "gnu++0x";
				CLANG_CXX_LIBRARY = "libc++";
				CLANG_ENABLE_MODULES = YES;
				CLANG_ENABLE_OBJC_ARC = YES;
				CLANG_WARN_BOOL_CONVERSION = YES;
				CLANG_WARN_CONSTANT_CONVERSION = YES;
				CLANG_WARN_DIRECT_OBJC_ISA_USAGE = YES_ERROR;
				CLANG_WARN_EMPTY_BODY = YES;
				CLANG_WARN_ENUM_CONVERSION = YES;
				CLANG_WARN_INT_CONVERSION = YES;
				CLANG_WARN_OBJC_ROOT_CLASS = YES_ERROR;
				CLANG_WARN_UNREACHABLE_CODE = YES;
				CLANG_WARN__DUPLICATE_METHOD_MATCH = YES;
				"CODE_SIGN_IDENTITY[sdk=iphoneos*]" = "iPhone Developer";
				COPY_PHASE_STRIP = NO;
				DEBUG_INFORMATION_FORMAT = "dwarf-with-dsym";
				ENABLE_NS_ASSERTIONS = NO;
				ENABLE_STRICT_OBJC_MSGSEND = YES;
				GCC_C_LANGUAGE_STANDARD = gnu99;
				GCC_NO_COMMON_BLOCKS = YES;
				GCC_WARN_64_TO_32_BIT_CONVERSION = YES;
				GCC_WARN_ABOUT_RETURN_TYPE = YES_ERROR;
				GCC_WARN_UNDECLARED_SELECTOR = YES;
				GCC_WARN_UNINITIALIZED_AUTOS = YES_AGGRESSIVE;
				GCC_WARN_UNUSED_FUNCTION = YES;
				GCC_WARN_UNUSED_VARIABLE = YES;
				IPHONEOS_DEPLOYMENT_TARGET = 9.2;
				MTL_ENABLE_DEBUG_INFO = NO;
				SDKROOT = iphoneos;
				TARGETED_DEVICE_FAMILY = "1,2";
				VALIDATE_PRODUCT = YES;
			};
			name = Release;
		};
		50F849361C6CDFD4009F1867 /* Debug */ = {
			isa = XCBuildConfiguration;
			buildSettings = {
				ASSETCATALOG_COMPILER_APPICON_NAME = AppIcon;
				INFOPLIST_FILE = 2_26_AutoLayout/Info.plist;
				LD_RUNPATH_SEARCH_PATHS = "$(inherited) @executable_path/Frameworks";
				PRODUCT_BUNDLE_IDENTIFIER = "com.epk.stanford.--26-AutoLayout";
				PRODUCT_NAME = "$(TARGET_NAME)";
			};
			name = Debug;
		};
		50F849371C6CDFD4009F1867 /* Release */ = {
			isa = XCBuildConfiguration;
			buildSettings = {
				ASSETCATALOG_COMPILER_APPICON_NAME = AppIcon;
				INFOPLIST_FILE = 2_26_AutoLayout/Info.plist;
				LD_RUNPATH_SEARCH_PATHS = "$(inherited) @executable_path/Frameworks";
				PRODUCT_BUNDLE_IDENTIFIER = "com.epk.stanford.--26-AutoLayout";
				PRODUCT_NAME = "$(TARGET_NAME)";
			};
			name = Release;
		};
/* End XCBuildConfiguration section */

/* Begin XCConfigurationList section */
		50F8491E1C6CDFD4009F1867 /* Build configuration list for PBXProject "2_26_AutoLayout" */ = {
			isa = XCConfigurationList;
			buildConfigurations = (
				50F849331C6CDFD4009F1867 /* Debug */,
				50F849341C6CDFD4009F1867 /* Release */,
			);
			defaultConfigurationIsVisible = 0;
			defaultConfigurationName = Release;
		};
		50F849351C6CDFD4009F1867 /* Build configuration list for PBXNativeTarget "2_26_AutoLayout" */ = {
			isa = XCConfigurationList;
			buildConfigurations = (
				50F849361C6CDFD4009F1867 /* Debug */,
				50F849371C6CDFD4009F1867 /* Release */,
			);
			defaultConfigurationIsVisible = 0;
		};
/* End XCConfigurationList section */
	};
	rootObject = 50F8491B1C6CDFD4009F1867 /* Project object */;
}
