// !$*UTF8*$!
{
	archiveVersion = 1;
	classes = {
	};
	objectVersion = 46;
	objects = {

/* Begin PBXBuildFile section */
		504BFD421C7F8E1D00D6698E /* AppDelegate.swift in Sources */ = {isa = PBXBuildFile; fileRef = 504BFD411C7F8E1D00D6698E /* AppDelegate.swift */; };
		504BFD441C7F8E1D00D6698E /* ViewController.swift in Sources */ = {isa = PBXBuildFile; fileRef = 504BFD431C7F8E1D00D6698E /* ViewController.swift */; };
		504BFD471C7F8E1D00D6698E /* Main.storyboard in Resources */ = {isa = PBXBuildFile; fileRef = 504BFD451C7F8E1D00D6698E /* Main.storyboard */; };
		504BFD491C7F8E1D00D6698E /* Assets.xcassets in Resources */ = {isa = PBXBuildFile; fileRef = 504BFD481C7F8E1D00D6698E /* Assets.xcassets */; };
		504BFD4C1C7F8E1D00D6698E /* LaunchScreen.storyboard in Resources */ = {isa = PBXBuildFile; fileRef = 504BFD4A1C7F8E1D00D6698E /* LaunchScreen.storyboard */; };
/* End PBXBuildFile section */

/* Begin PBXFileReference section */
		504BFD3E1C7F8E1D00D6698E /* 4_51_MyLittleMonster.app */ = {isa = PBXFileReference; explicitFileType = wrapper.application; includeInIndex = 0; path = 4_51_MyLittleMonster.app; sourceTree = BUILT_PRODUCTS_DIR; };
		504BFD411C7F8E1D00D6698E /* AppDelegate.swift */ = {isa = PBXFileReference; lastKnownFileType = sourcecode.swift; path = AppDelegate.swift; sourceTree = "<group>"; };
		504BFD431C7F8E1D00D6698E /* ViewController.swift */ = {isa = PBXFileReference; lastKnownFileType = sourcecode.swift; path = ViewController.swift; sourceTree = "<group>"; };
		504BFD461C7F8E1D00D6698E /* Base */ = {isa = PBXFileReference; lastKnownFileType = file.storyboard; name = Base; path = Base.lproj/Main.storyboard; sourceTree = "<group>"; };
		504BFD481C7F8E1D00D6698E /* Assets.xcassets */ = {isa = PBXFileReference; lastKnownFileType = folder.assetcatalog; path = Assets.xcassets; sourceTree = "<group>"; };
		504BFD4B1C7F8E1D00D6698E /* Base */ = {isa = PBXFileReference; lastKnownFileType = file.storyboard; name = Base; path = Base.lproj/LaunchScreen.storyboard; sourceTree = "<group>"; };
		504BFD4D1C7F8E1D00D6698E /* Info.plist */ = {isa = PBXFileReference; lastKnownFileType = text.plist.xml; path = Info.plist; sourceTree = "<group>"; };
/* End PBXFileReference section */

/* Begin PBXFrameworksBuildPhase section */
		504BFD3B1C7F8E1D00D6698E /* Frameworks */ = {
			isa = PBXFrameworksBuildPhase;
			buildActionMask = 2147483647;
			files = (
			);
			runOnlyForDeploymentPostprocessing = 0;
		};
/* End PBXFrameworksBuildPhase section */

/* Begin PBXGroup section */
		504BFD351C7F8E1D00D6698E = {
			isa = PBXGroup;
			children = (
				504BFD401C7F8E1D00D6698E /* 4_51_MyLittleMonster */,
				504BFD3F1C7F8E1D00D6698E /* Products */,
			);
			sourceTree = "<group>";
		};
		504BFD3F1C7F8E1D00D6698E /* Products */ = {
			isa = PBXGroup;
			children = (
				504BFD3E1C7F8E1D00D6698E /* 4_51_MyLittleMonster.app */,
			);
			name = Products;
			sourceTree = "<group>";
		};
		504BFD401C7F8E1D00D6698E /* 4_51_MyLittleMonster */ = {
			isa = PBXGroup;
			children = (
				504BFD411C7F8E1D00D6698E /* AppDelegate.swift */,
				504BFD431C7F8E1D00D6698E /* ViewController.swift */,
				504BFD451C7F8E1D00D6698E /* Main.storyboard */,
				504BFD481C7F8E1D00D6698E /* Assets.xcassets */,
				504BFD4A1C7F8E1D00D6698E /* LaunchScreen.storyboard */,
				504BFD4D1C7F8E1D00D6698E /* Info.plist */,
			);
			path = 4_51_MyLittleMonster;
			sourceTree = "<group>";
		};
/* End PBXGroup section */

/* Begin PBXNativeTarget section */
		504BFD3D1C7F8E1D00D6698E /* 4_51_MyLittleMonster */ = {
			isa = PBXNativeTarget;
			buildConfigurationList = 504BFD501C7F8E1D00D6698E /* Build configuration list for PBXNativeTarget "4_51_MyLittleMonster" */;
			buildPhases = (
				504BFD3A1C7F8E1D00D6698E /* Sources */,
				504BFD3B1C7F8E1D00D6698E /* Frameworks */,
				504BFD3C1C7F8E1D00D6698E /* Resources */,
			);
			buildRules = (
			);
			dependencies = (
			);
			name = 4_51_MyLittleMonster;
			productName = 4_51_MyLittleMonster;
			productReference = 504BFD3E1C7F8E1D00D6698E /* 4_51_MyLittleMonster.app */;
			productType = "com.apple.product-type.application";
		};
/* End PBXNativeTarget section */

/* Begin PBXProject section */
		504BFD361C7F8E1D00D6698E /* Project object */ = {
			isa = PBXProject;
			attributes = {
				LastSwiftUpdateCheck = 0720;
				LastUpgradeCheck = 0720;
				ORGANIZATIONNAME = "Edward P. Kelly, LLC";
				TargetAttributes = {
					504BFD3D1C7F8E1D00D6698E = {
						CreatedOnToolsVersion = 7.2.1;
					};
				};
			};
			buildConfigurationList = 504BFD391C7F8E1D00D6698E /* Build configuration list for PBXProject "4_51_MyLittleMonster" */;
			compatibilityVersion = "Xcode 3.2";
			developmentRegion = English;
			hasScannedForEncodings = 0;
			knownRegions = (
				en,
				Base,
			);
			mainGroup = 504BFD351C7F8E1D00D6698E;
			productRefGroup = 504BFD3F1C7F8E1D00D6698E /* Products */;
			projectDirPath = "";
			projectRoot = "";
			targets = (
				504BFD3D1C7F8E1D00D6698E /* 4_51_MyLittleMonster */,
			);
		};
/* End PBXProject section */

/* Begin PBXResourcesBuildPhase section */
		504BFD3C1C7F8E1D00D6698E /* Resources */ = {
			isa = PBXResourcesBuildPhase;
			buildActionMask = 2147483647;
			files = (
				504BFD4C1C7F8E1D00D6698E /* LaunchScreen.storyboard in Resources */,
				504BFD491C7F8E1D00D6698E /* Assets.xcassets in Resources */,
				504BFD471C7F8E1D00D6698E /* Main.storyboard in Resources */,
			);
			runOnlyForDeploymentPostprocessing = 0;
		};
/* End PBXResourcesBuildPhase section */

/* Begin PBXSourcesBuildPhase section */
		504BFD3A1C7F8E1D00D6698E /* Sources */ = {
			isa = PBXSourcesBuildPhase;
			buildActionMask = 2147483647;
			files = (
				504BFD441C7F8E1D00D6698E /* ViewController.swift in Sources */,
				504BFD421C7F8E1D00D6698E /* AppDelegate.swift in Sources */,
			);
			runOnlyForDeploymentPostprocessing = 0;
		};
/* End PBXSourcesBuildPhase section */

/* Begin PBXVariantGroup section */
		504BFD451C7F8E1D00D6698E /* Main.storyboard */ = {
			isa = PBXVariantGroup;
			children = (
				504BFD461C7F8E1D00D6698E /* Base */,
			);
			name = Main.storyboard;
			sourceTree = "<group>";
		};
		504BFD4A1C7F8E1D00D6698E /* LaunchScreen.storyboard */ = {
			isa = PBXVariantGroup;
			children = (
				504BFD4B1C7F8E1D00D6698E /* Base */,
			);
			name = LaunchScreen.storyboard;
			sourceTree = "<group>";
		};
/* End PBXVariantGroup section */

/* Begin XCBuildConfiguration section */
		504BFD4E1C7F8E1D00D6698E /* Debug */ = {
			isa = XCBuildConfiguration;
			buildSettings = {
				ALWAYS_SEARCH_USER_PATHS = NO;
				CLANG_CXX_LANGUAGE_STANDARD = "gnu++0x";
				CLANG_CXX_LIBRARY = "libc++";
				CLANG_ENABLE_MODULES = YES;
				CLANG_ENABLE_OBJC_ARC = YES;
				CLANG_WARN_BOOL_CONVERSION = YES;
				CLANG_WARN_CONSTANT_CONVERSION = YES;
				CLANG_WARN_DIRECT_OBJC_ISA_USAGE = YES_ERROR;
				CLANG_WARN_EMPTY_BODY = YES;
				CLANG_WARN_ENUM_CONVERSION = YES;
				CLANG_WARN_INT_CONVERSION = YES;
				CLANG_WARN_OBJC_ROOT_CLASS = YES_ERROR;
				CLANG_WARN_UNREACHABLE_CODE = YES;
				CLANG_WARN__DUPLICATE_METHOD_MATCH = YES;
				"CODE_SIGN_IDENTITY[sdk=iphoneos*]" = "iPhone Developer";
				COPY_PHASE_STRIP = NO;
				DEBUG_INFORMATION_FORMAT = dwarf;
				ENABLE_STRICT_OBJC_MSGSEND = YES;
				ENABLE_TESTABILITY = YES;
				GCC_C_LANGUAGE_STANDARD = gnu99;
				GCC_DYNAMIC_NO_PIC = NO;
				GCC_NO_COMMON_BLOCKS = YES;
				GCC_OPTIMIZATION_LEVEL = 0;
				GCC_PREPROCESSOR_DEFINITIONS = (
					"DEBUG=1",
					"$(inherited)",
				);
				GCC_WARN_64_TO_32_BIT_CONVERSION = YES;
				GCC_WARN_ABOUT_RETURN_TYPE = YES_ERROR;
				GCC_WARN_UNDECLARED_SELECTOR = YES;
				GCC_WARN_UNINITIALIZED_AUTOS = YES_AGGRESSIVE;
				GCC_WARN_UNUSED_FUNCTION = YES;
				GCC_WARN_UNUSED_VARIABLE = YES;
				IPHONEOS_DEPLOYMENT_TARGET = 9.2;
				MTL_ENABLE_DEBUG_INFO = YES;
				ONLY_ACTIVE_ARCH = YES;
				SDKROOT = iphoneos;
				SWIFT_OPTIMIZATION_LEVEL = "-Onone";
				TARGETED_DEVICE_FAMILY = "1,2";
			};
			name = Debug;
		};
		504BFD4F1C7F8E1D00D6698E /* Release */ = {
			isa = XCBuildConfiguration;
			buildSettings = {
				ALWAYS_SEARCH_USER_PATHS = NO;
				CLANG_CXX_LANGUAGE_STANDARD = "gnu++0x";
				CLANG_CXX_LIBRARY = "libc++";
				CLANG_ENABLE_MODULES = YES;
				CLANG_ENABLE_OBJC_ARC = YES;
				CLANG_WARN_BOOL_CONVERSION = YES;
				CLANG_WARN_CONSTANT_CONVERSION = YES;
				CLANG_WARN_DIRECT_OBJC_ISA_USAGE = YES_ERROR;
				CLANG_WARN_EMPTY_BODY = YES;
				CLANG_WARN_ENUM_CONVERSION = YES;
				CLANG_WARN_INT_CONVERSION = YES;
				CLANG_WARN_OBJC_ROOT_CLASS = YES_ERROR;
				CLANG_WARN_UNREACHABLE_CODE = YES;
				CLANG_WARN__DUPLICATE_METHOD_MATCH = YES;
				"CODE_SIGN_IDENTITY[sdk=iphoneos*]" = "iPhone Developer";
				COPY_PHASE_STRIP = NO;
				DEBUG_INFORMATION_FORMAT = "dwarf-with-dsym";
				ENABLE_NS_ASSERTIONS = NO;
				ENABLE_STRICT_OBJC_MSGSEND = YES;
				GCC_C_LANGUAGE_STANDARD = gnu99;
				GCC_NO_COMMON_BLOCKS = YES;
				GCC_WARN_64_TO_32_BIT_CONVERSION = YES;
				GCC_WARN_ABOUT_RETURN_TYPE = YES_ERROR;
				GCC_WARN_UNDECLARED_SELECTOR = YES;
				GCC_WARN_UNINITIALIZED_AUTOS = YES_AGGRESSIVE;
				GCC_WARN_UNUSED_FUNCTION = YES;
				GCC_WARN_UNUSED_VARIABLE = YES;
				IPHONEOS_DEPLOYMENT_TARGET = 9.2;
				MTL_ENABLE_DEBUG_INFO = NO;
				SDKROOT = iphoneos;
				TARGETED_DEVICE_FAMILY = "1,2";
				VALIDATE_PRODUCT = YES;
			};
			name = Release;
		};
		504BFD511C7F8E1D00D6698E /* Debug */ = {
			isa = XCBuildConfiguration;
			buildSettings = {
				ASSETCATALOG_COMPILER_APPICON_NAME = AppIcon;
				INFOPLIST_FILE = 4_51_MyLittleMonster/Info.plist;
				LD_RUNPATH_SEARCH_PATHS = "$(inherited) @executable_path/Frameworks";
				PRODUCT_BUNDLE_IDENTIFIER = "com.epk.stanford.--51-MyLittleMonster";
				PRODUCT_NAME = "$(TARGET_NAME)";
			};
			name = Debug;
		};
		504BFD521C7F8E1D00D6698E /* Release */ = {
			isa = XCBuildConfiguration;
			buildSettings = {
				ASSETCATALOG_COMPILER_APPICON_NAME = AppIcon;
				INFOPLIST_FILE = 4_51_MyLittleMonster/Info.plist;
				LD_RUNPATH_SEARCH_PATHS = "$(inherited) @executable_path/Frameworks";
				PRODUCT_BUNDLE_IDENTIFIER = "com.epk.stanford.--51-MyLittleMonster";
				PRODUCT_NAME = "$(TARGET_NAME)";
			};
			name = Release;
		};
/* End XCBuildConfiguration section */

/* Begin XCConfigurationList section */
		504BFD391C7F8E1D00D6698E /* Build configuration list for PBXProject "4_51_MyLittleMonster" */ = {
			isa = XCConfigurationList;
			buildConfigurations = (
				504BFD4E1C7F8E1D00D6698E /* Debug */,
				504BFD4F1C7F8E1D00D6698E /* Release */,
			);
			defaultConfigurationIsVisible = 0;
			defaultConfigurationName = Release;
		};
		504BFD501C7F8E1D00D6698E /* Build configuration list for PBXNativeTarget "4_51_MyLittleMonster" */ = {
			isa = XCConfigurationList;
			buildConfigurations = (
				504BFD511C7F8E1D00D6698E /* Debug */,
				504BFD521C7F8E1D00D6698E /* Release */,
			);
			defaultConfigurationIsVisible = 0;
		};
/* End XCConfigurationList section */
	};
	rootObject = 504BFD361C7F8E1D00D6698E /* Project object */;
}
